{
  "name": "campusrush",
  "version": "1.0.0",
  "lockfileVersion": 1,
  "requires": true,
  "dependencies": {
    "pixi-particles": {
      "version": "4.3.0",
      "resolved": "https://registry.npmjs.org/pixi-particles/-/pixi-particles-4.3.0.tgz",
      "integrity": "sha512-3G66vSFMbp+LnD3P6SYIxOo3f1X3yxkPbP1Tr2o+o18ZkkT6mePpCvsPUrM8s+xCW7oK816/wDYZXMtKzJ61CQ=="
    }
  }
}
